
Microsoft Visual Studio Solution File, Format Version 12.00
# Visual Studio Version 17
VisualStudioVersion = 17.13.35931.197
MinimumVisualStudioVersion = 10.0.40219.1
Project("{FAE04EC0-301F-11D3-BF4B-00C04F79EFBC}") = "minimal_API_TEST", "minimal_API_TEST.csproj", "{BE393B4A-A9BD-43E0-98E3-C51B21CC03A9}"
EndProject
Project("{FAE04EC0-301F-11D3-BF4B-00C04F79EFBC}") = "minimal-api", "..\API\minimal-api.csproj", "{A44F8FDF-429B-D8DB-F9AD-2BB0D5FADCB9}"
EndProject
Global
	GlobalSection(SolutionConfigurationPlatforms) = preSolution
		Debug|Any CPU = Debug|Any CPU
		Release|Any CPU = Release|Any CPU
	EndGlobalSection
	GlobalSection(ProjectConfigurationPlatforms) = postSolution
		{BE393B4A-A9BD-43E0-98E3-C51B21CC03A9}.Debug|Any CPU.ActiveCfg = Debug|Any CPU
		{BE393B4A-A9BD-43E0-98E3-C51B21CC03A9}.Debug|Any CPU.Build.0 = Debug|Any CPU
		{BE393B4A-A9BD-43E0-98E3-C51B21CC03A9}.Release|Any CPU.ActiveCfg = Release|Any CPU
		{BE393B4A-A9BD-43E0-98E3-C51B21CC03A9}.Release|Any CPU.Build.0 = Release|Any CPU
		{A44F8FDF-429B-D8DB-F9AD-2BB0D5FADCB9}.Debug|Any CPU.ActiveCfg = Debug|Any CPU
		{A44F8FDF-429B-D8DB-F9AD-2BB0D5FADCB9}.Debug|Any CPU.Build.0 = Debug|Any CPU
		{A44F8FDF-429B-D8DB-F9AD-2BB0D5FADCB9}.Release|Any CPU.ActiveCfg = Release|Any CPU
		{A44F8FDF-429B-D8DB-F9AD-2BB0D5FADCB9}.Release|Any CPU.Build.0 = Release|Any CPU
	EndGlobalSection
	GlobalSection(SolutionProperties) = preSolution
		HideSolutionNode = FALSE
	EndGlobalSection
	GlobalSection(ExtensibilityGlobals) = postSolution
		SolutionGuid = {B0B92A76-A35A-40DB-A881-7B767B4B5E67}
	EndGlobalSection
EndGlobal
